{
  "name": "slack-download",
  "version": "1.0.0",
  "lockfileVersion": 1,
  "requires": true,
  "dependencies": {
    "slack": {
      "version": "11.0.1",
      "resolved": "https://registry.npmjs.org/slack/-/slack-11.0.1.tgz",
      "integrity": "sha512-IrNIVPZtnflzjo0Rpy947SL2ITAHfw1Mm1VVQAPwUk0Yyy+UW2PCwSJGFUbgagFrR66LviHuhOUqpR+ZMspaeQ==",
      "requires": {
        "tiny-json-http": "^7.0.0"
      }
    },
    "slugify": {
      "version": "1.3.1",
      "resolved": "https://registry.npmjs.org/slugify/-/slugify-1.3.1.tgz",
      "integrity": "sha512-6BwyhjF5tG5P8s+0DPNyJmBSBePG6iMyhjvIW5zGdA3tFik9PtK+yNkZgTeiroCRGZYgkHftFA62tGVK1EI9Kw=="
    },
    "tiny-json-http": {
      "version": "7.0.0",
      "resolved": "https://registry.npmjs.org/tiny-json-http/-/tiny-json-http-7.0.0.tgz",
      "integrity": "sha512-g3S2RiSmoZDJOMDTX6uj8GjVsiH4s0W0tb1YKYARoP4cosgIb4CB2i7Cdzn9UJqOrI1b1aNK+cgScPx4TwolQg=="
    }
  }
}
